
Microsoft Visual Studio Solution File, Format Version 12.00
Project("{FAE04EC0-301F-11D3-BF4B-00C04F79EFBC}") = "Core", "src\Core\Core.csproj", "{C30F4B4B-DDBB-4D66-A7C0-6C71637CEC39}"
EndProject
Project("{FAE04EC0-301F-11D3-BF4B-00C04F79EFBC}") = "Core.Tests", "tests\Core.Tests\Core.Tests.csproj", "{C778A428-E82E-4364-970E-5F1655233BF5}"
EndProject
Project("{FAE04EC0-301F-11D3-BF4B-00C04F79EFBC}") = "NiceIO", "src\NiceIO\NiceIO.csproj", "{78CB0B0C-F071-4FF1-BBD4-88C7C6DA0C87}"
EndProject
Project("{FAE04EC0-301F-11D3-BF4B-00C04F79EFBC}") = "NiceIO.Tests", "tests\NiceIO.Tests\NiceIO.Tests.csproj", "{AB403545-CC06-4F15-B5AC-380A7F7A0B46}"
EndProject
Project("{FAE04EC0-301F-11D3-BF4B-00C04F79EFBC}") = "TestUtils", "tests\TestUtils\TestUtils.csproj", "{9937DD38-36E0-43B2-B3F8-ED451A408E29}"
EndProject
Project("{FAE04EC0-301F-11D3-BF4B-00C04F79EFBC}") = "Flog", "src\Flog\Flog.csproj", "{3FA9D639-9F10-4D03-A980-060314CB2E95}"
EndProject
Project("{FAE04EC0-301F-11D3-BF4B-00C04F79EFBC}") = "Flog.Cli.Loggo", "src\Flog.Cli.Loggo\Flog.Cli.Loggo.csproj", "{32E37DBC-9AB9-4B3F-A60C-E819ECE42934}"
EndProject
Project("{FAE04EC0-301F-11D3-BF4B-00C04F79EFBC}") = "Showkeys.Cli", "src\Showkeys.Cli\Showkeys.Cli.csproj", "{58851E4B-66C3-4378-84F5-99AB99CA8A0D}"
EndProject
Project("{FAE04EC0-301F-11D3-BF4B-00C04F79EFBC}") = "Unity", "src\Unity\Unity.csproj", "{EB8898EF-A436-43F2-AF2A-5E5E3C84B4FB}"
EndProject
Project("{FAE04EC0-301F-11D3-BF4B-00C04F79EFBC}") = "Unity.Cli", "src\Unity.Cli\Unity.Cli.csproj", "{70F0123B-AB42-4ECA-80CF-75B8FFF93C74}"
EndProject
Project("{FAE04EC0-301F-11D3-BF4B-00C04F79EFBC}") = "Unity.Posh", "src\Unity.Posh\Unity.Posh.csproj", "{EB9B296E-DB85-4219-A492-8EDD0053EA4C}"
EndProject
Project("{FAE04EC0-301F-11D3-BF4B-00C04F79EFBC}") = "Flog.Cli", "src\Flog.Cli\Flog.Cli.csproj", "{345B2DD4-E1F3-4E21-A55C-FD85CBB009D2}"
EndProject
Project("{FAE04EC0-301F-11D3-BF4B-00C04F79EFBC}") = "Unity.Tests", "tests\Unity.Tests\Unity.Tests.csproj", "{157FA6DF-5AC6-442F-B261-7D509372CBE8}"
EndProject
Global
	GlobalSection(SolutionConfigurationPlatforms) = preSolution
		Debug|Any CPU = Debug|Any CPU
		Release|Any CPU = Release|Any CPU
	EndGlobalSection
	GlobalSection(ProjectConfigurationPlatforms) = postSolution
		{C30F4B4B-DDBB-4D66-A7C0-6C71637CEC39}.Debug|Any CPU.ActiveCfg = Debug|Any CPU
		{C30F4B4B-DDBB-4D66-A7C0-6C71637CEC39}.Debug|Any CPU.Build.0 = Debug|Any CPU
		{C30F4B4B-DDBB-4D66-A7C0-6C71637CEC39}.Release|Any CPU.ActiveCfg = Release|Any CPU
		{C30F4B4B-DDBB-4D66-A7C0-6C71637CEC39}.Release|Any CPU.Build.0 = Release|Any CPU
		{C778A428-E82E-4364-970E-5F1655233BF5}.Debug|Any CPU.ActiveCfg = Debug|Any CPU
		{C778A428-E82E-4364-970E-5F1655233BF5}.Debug|Any CPU.Build.0 = Debug|Any CPU
		{C778A428-E82E-4364-970E-5F1655233BF5}.Release|Any CPU.ActiveCfg = Release|Any CPU
		{C778A428-E82E-4364-970E-5F1655233BF5}.Release|Any CPU.Build.0 = Release|Any CPU
		{78CB0B0C-F071-4FF1-BBD4-88C7C6DA0C87}.Debug|Any CPU.ActiveCfg = Debug|Any CPU
		{78CB0B0C-F071-4FF1-BBD4-88C7C6DA0C87}.Debug|Any CPU.Build.0 = Debug|Any CPU
		{78CB0B0C-F071-4FF1-BBD4-88C7C6DA0C87}.Release|Any CPU.ActiveCfg = Release|Any CPU
		{78CB0B0C-F071-4FF1-BBD4-88C7C6DA0C87}.Release|Any CPU.Build.0 = Release|Any CPU
		{AB403545-CC06-4F15-B5AC-380A7F7A0B46}.Debug|Any CPU.ActiveCfg = Debug|Any CPU
		{AB403545-CC06-4F15-B5AC-380A7F7A0B46}.Debug|Any CPU.Build.0 = Debug|Any CPU
		{AB403545-CC06-4F15-B5AC-380A7F7A0B46}.Release|Any CPU.ActiveCfg = Release|Any CPU
		{AB403545-CC06-4F15-B5AC-380A7F7A0B46}.Release|Any CPU.Build.0 = Release|Any CPU
		{9937DD38-36E0-43B2-B3F8-ED451A408E29}.Debug|Any CPU.ActiveCfg = Debug|Any CPU
		{9937DD38-36E0-43B2-B3F8-ED451A408E29}.Debug|Any CPU.Build.0 = Debug|Any CPU
		{9937DD38-36E0-43B2-B3F8-ED451A408E29}.Release|Any CPU.ActiveCfg = Release|Any CPU
		{9937DD38-36E0-43B2-B3F8-ED451A408E29}.Release|Any CPU.Build.0 = Release|Any CPU
		{3FA9D639-9F10-4D03-A980-060314CB2E95}.Debug|Any CPU.ActiveCfg = Debug|Any CPU
		{3FA9D639-9F10-4D03-A980-060314CB2E95}.Debug|Any CPU.Build.0 = Debug|Any CPU
		{3FA9D639-9F10-4D03-A980-060314CB2E95}.Release|Any CPU.ActiveCfg = Release|Any CPU
		{3FA9D639-9F10-4D03-A980-060314CB2E95}.Release|Any CPU.Build.0 = Release|Any CPU
		{32E37DBC-9AB9-4B3F-A60C-E819ECE42934}.Debug|Any CPU.ActiveCfg = Debug|Any CPU
		{32E37DBC-9AB9-4B3F-A60C-E819ECE42934}.Debug|Any CPU.Build.0 = Debug|Any CPU
		{32E37DBC-9AB9-4B3F-A60C-E819ECE42934}.Release|Any CPU.ActiveCfg = Release|Any CPU
		{32E37DBC-9AB9-4B3F-A60C-E819ECE42934}.Release|Any CPU.Build.0 = Release|Any CPU
		{58851E4B-66C3-4378-84F5-99AB99CA8A0D}.Debug|Any CPU.ActiveCfg = Debug|Any CPU
		{58851E4B-66C3-4378-84F5-99AB99CA8A0D}.Debug|Any CPU.Build.0 = Debug|Any CPU
		{58851E4B-66C3-4378-84F5-99AB99CA8A0D}.Release|Any CPU.ActiveCfg = Release|Any CPU
		{58851E4B-66C3-4378-84F5-99AB99CA8A0D}.Release|Any CPU.Build.0 = Release|Any CPU
		{EB8898EF-A436-43F2-AF2A-5E5E3C84B4FB}.Debug|Any CPU.ActiveCfg = Debug|Any CPU
		{EB8898EF-A436-43F2-AF2A-5E5E3C84B4FB}.Debug|Any CPU.Build.0 = Debug|Any CPU
		{EB8898EF-A436-43F2-AF2A-5E5E3C84B4FB}.Release|Any CPU.ActiveCfg = Release|Any CPU
		{EB8898EF-A436-43F2-AF2A-5E5E3C84B4FB}.Release|Any CPU.Build.0 = Release|Any CPU
		{70F0123B-AB42-4ECA-80CF-75B8FFF93C74}.Debug|Any CPU.ActiveCfg = Debug|Any CPU
		{70F0123B-AB42-4ECA-80CF-75B8FFF93C74}.Debug|Any CPU.Build.0 = Debug|Any CPU
		{70F0123B-AB42-4ECA-80CF-75B8FFF93C74}.Release|Any CPU.ActiveCfg = Release|Any CPU
		{70F0123B-AB42-4ECA-80CF-75B8FFF93C74}.Release|Any CPU.Build.0 = Release|Any CPU
		{EB9B296E-DB85-4219-A492-8EDD0053EA4C}.Debug|Any CPU.ActiveCfg = Debug|Any CPU
		{EB9B296E-DB85-4219-A492-8EDD0053EA4C}.Debug|Any CPU.Build.0 = Debug|Any CPU
		{EB9B296E-DB85-4219-A492-8EDD0053EA4C}.Release|Any CPU.ActiveCfg = Release|Any CPU
		{EB9B296E-DB85-4219-A492-8EDD0053EA4C}.Release|Any CPU.Build.0 = Release|Any CPU
		{345B2DD4-E1F3-4E21-A55C-FD85CBB009D2}.Debug|Any CPU.ActiveCfg = Debug|Any CPU
		{345B2DD4-E1F3-4E21-A55C-FD85CBB009D2}.Debug|Any CPU.Build.0 = Debug|Any CPU
		{345B2DD4-E1F3-4E21-A55C-FD85CBB009D2}.Release|Any CPU.ActiveCfg = Release|Any CPU
		{345B2DD4-E1F3-4E21-A55C-FD85CBB009D2}.Release|Any CPU.Build.0 = Release|Any CPU
		{157FA6DF-5AC6-442F-B261-7D509372CBE8}.Debug|Any CPU.ActiveCfg = Debug|Any CPU
		{157FA6DF-5AC6-442F-B261-7D509372CBE8}.Debug|Any CPU.Build.0 = Debug|Any CPU
		{157FA6DF-5AC6-442F-B261-7D509372CBE8}.Release|Any CPU.ActiveCfg = Release|Any CPU
		{157FA6DF-5AC6-442F-B261-7D509372CBE8}.Release|Any CPU.Build.0 = Release|Any CPU
	EndGlobalSection
EndGlobal
