
Microsoft Visual Studio Solution File, Format Version 12.00
Project("{FAE04EC0-301F-11D3-BF4B-00C04F79EFBC}") = "Core", "src\Core\Core.csproj", "{C30F4B4B-DDBB-4D66-A7C0-6C71637CEC39}"
EndProject
Project("{FAE04EC0-301F-11D3-BF4B-00C04F79EFBC}") = "Core-Tests", "src\Core\Core-Tests.csproj", "{C778A428-E82E-4364-970E-5F1655233BF5}"
EndProject
Project("{FAE04EC0-301F-11D3-BF4B-00C04F79EFBC}") = "NiceIO", "src\NiceIO\NiceIO.csproj", "{78CB0B0C-F071-4FF1-BBD4-88C7C6DA0C87}"
EndProject
Project("{FAE04EC0-301F-11D3-BF4B-00C04F79EFBC}") = "NiceIO-Tests", "src\NiceIO-Tests\NiceIO-Tests.csproj", "{AB403545-CC06-4F15-B5AC-380A7F7A0B46}"
EndProject
Project("{FAE04EC0-301F-11D3-BF4B-00C04F79EFBC}") = "TestUtils", "src\_TestUtils\TestUtils.csproj", "{9937DD38-36E0-43B2-B3F8-ED451A408E29}"
EndProject
Project("{FAE04EC0-301F-11D3-BF4B-00C04F79EFBC}") = "Flog", "src\Flog\Flog.csproj", "{3FA9D639-9F10-4D03-A980-060314CB2E95}"
EndProject
Project("{FAE04EC0-301F-11D3-BF4B-00C04F79EFBC}") = "Loggo.Cli", "src\Loggo.Cli\Loggo.Cli.csproj", "{32E37DBC-9AB9-4B3F-A60C-E819ECE42934}"
EndProject
Project("{FAE04EC0-301F-11D3-BF4B-00C04F79EFBC}") = "Showkeys.Cli", "src\Showkeys.Cli\Showkeys.Cli.csproj", "{58851E4B-66C3-4378-84F5-99AB99CA8A0D}"
EndProject
Project("{FAE04EC0-301F-11D3-BF4B-00C04F79EFBC}") = "Unity", "src\Unity\Unity.csproj", "{EB8898EF-A436-43F2-AF2A-5E5E3C84B4FB}"
EndProject
Project("{FAE04EC0-301F-11D3-BF4B-00C04F79EFBC}") = "Unity.Cli", "src\Unity.Cli\Unity.Cli.csproj", "{70F0123B-AB42-4ECA-80CF-75B8FFF93C74}"
EndProject
Project("{FAE04EC0-301F-11D3-BF4B-00C04F79EFBC}") = "Flog.Cli", "src\Flog.Cli\Flog.Cli.csproj", "{345B2DD4-E1F3-4E21-A55C-FD85CBB009D2}"
EndProject
Project("{FAE04EC0-301F-11D3-BF4B-00C04F79EFBC}") = "Unity-Tests", "src\Unity\Unity-Tests.csproj", "{157FA6DF-5AC6-442F-B261-7D509372CBE8}"
EndProject
Project("{FAE04EC0-301F-11D3-BF4B-00C04F79EFBC}") = "ProcMonUtils", "src\ProcMonUtils\ProcMonUtils.csproj", "{C3F7552C-A934-467C-A064-16C4077E846F}"
EndProject
Project("{FAE04EC0-301F-11D3-BF4B-00C04F79EFBC}") = "ProcMonUtils-Tests", "src\ProcMonUtils\ProcMonUtils-Tests.csproj", "{0704E571-1C5E-4578-977A-70F2442E2DE9}"
EndProject
Project("{FAE04EC0-301F-11D3-BF4B-00C04F79EFBC}") = "PmlTool.Cli", "src\PmlTool.Cli\PmlTool.Cli.csproj", "{1AF04C97-7446-4E15-9C6E-55B005D76002}"
EndProject
Project("{FAE04EC0-301F-11D3-BF4B-00C04F79EFBC}") = "Core.PerfTests", "perftests\Core.PerfTests\Core.PerfTests.csproj", "{3D70F5C9-4AA8-4B3F-AB87-E23B8F6B7507}"
EndProject
Project("{FAE04EC0-301F-11D3-BF4B-00C04F79EFBC}") = "MachMode.Cli", "src\MachMode.Cli\MachMode.Cli.csproj", "{14022DF9-B6B2-45FE-8991-07D3B00EC4DA}"
EndProject
Project("{FAE04EC0-301F-11D3-BF4B-00C04F79EFBC}") = "MachModeCli-Tests", "src\MachMode.Cli\MachModeCli-Tests.csproj", "{C875B7D7-7FF4-4732-9FE0-A7A35D077F94}"
EndProject
Global
	GlobalSection(SolutionConfigurationPlatforms) = preSolution
		Debug|Any CPU = Debug|Any CPU
		Release|Any CPU = Release|Any CPU
	EndGlobalSection
	GlobalSection(ProjectConfigurationPlatforms) = postSolution
		{C30F4B4B-DDBB-4D66-A7C0-6C71637CEC39}.Debug|Any CPU.ActiveCfg = Debug|Any CPU
		{C30F4B4B-DDBB-4D66-A7C0-6C71637CEC39}.Debug|Any CPU.Build.0 = Debug|Any CPU
		{C30F4B4B-DDBB-4D66-A7C0-6C71637CEC39}.Release|Any CPU.ActiveCfg = Release|Any CPU
		{C30F4B4B-DDBB-4D66-A7C0-6C71637CEC39}.Release|Any CPU.Build.0 = Release|Any CPU
		{C778A428-E82E-4364-970E-5F1655233BF5}.Debug|Any CPU.ActiveCfg = Debug|Any CPU
		{C778A428-E82E-4364-970E-5F1655233BF5}.Debug|Any CPU.Build.0 = Debug|Any CPU
		{C778A428-E82E-4364-970E-5F1655233BF5}.Release|Any CPU.ActiveCfg = Release|Any CPU
		{C778A428-E82E-4364-970E-5F1655233BF5}.Release|Any CPU.Build.0 = Release|Any CPU
		{78CB0B0C-F071-4FF1-BBD4-88C7C6DA0C87}.Debug|Any CPU.ActiveCfg = Debug|Any CPU
		{78CB0B0C-F071-4FF1-BBD4-88C7C6DA0C87}.Debug|Any CPU.Build.0 = Debug|Any CPU
		{78CB0B0C-F071-4FF1-BBD4-88C7C6DA0C87}.Release|Any CPU.ActiveCfg = Release|Any CPU
		{78CB0B0C-F071-4FF1-BBD4-88C7C6DA0C87}.Release|Any CPU.Build.0 = Release|Any CPU
		{AB403545-CC06-4F15-B5AC-380A7F7A0B46}.Debug|Any CPU.ActiveCfg = Debug|Any CPU
		{AB403545-CC06-4F15-B5AC-380A7F7A0B46}.Debug|Any CPU.Build.0 = Debug|Any CPU
		{AB403545-CC06-4F15-B5AC-380A7F7A0B46}.Release|Any CPU.ActiveCfg = Release|Any CPU
		{AB403545-CC06-4F15-B5AC-380A7F7A0B46}.Release|Any CPU.Build.0 = Release|Any CPU
		{9937DD38-36E0-43B2-B3F8-ED451A408E29}.Debug|Any CPU.ActiveCfg = Debug|Any CPU
		{9937DD38-36E0-43B2-B3F8-ED451A408E29}.Debug|Any CPU.Build.0 = Debug|Any CPU
		{9937DD38-36E0-43B2-B3F8-ED451A408E29}.Release|Any CPU.ActiveCfg = Release|Any CPU
		{9937DD38-36E0-43B2-B3F8-ED451A408E29}.Release|Any CPU.Build.0 = Release|Any CPU
		{3FA9D639-9F10-4D03-A980-060314CB2E95}.Debug|Any CPU.ActiveCfg = Debug|Any CPU
		{3FA9D639-9F10-4D03-A980-060314CB2E95}.Debug|Any CPU.Build.0 = Debug|Any CPU
		{3FA9D639-9F10-4D03-A980-060314CB2E95}.Release|Any CPU.ActiveCfg = Release|Any CPU
		{3FA9D639-9F10-4D03-A980-060314CB2E95}.Release|Any CPU.Build.0 = Release|Any CPU
		{32E37DBC-9AB9-4B3F-A60C-E819ECE42934}.Debug|Any CPU.ActiveCfg = Debug|Any CPU
		{32E37DBC-9AB9-4B3F-A60C-E819ECE42934}.Debug|Any CPU.Build.0 = Debug|Any CPU
		{32E37DBC-9AB9-4B3F-A60C-E819ECE42934}.Release|Any CPU.ActiveCfg = Release|Any CPU
		{32E37DBC-9AB9-4B3F-A60C-E819ECE42934}.Release|Any CPU.Build.0 = Release|Any CPU
		{58851E4B-66C3-4378-84F5-99AB99CA8A0D}.Debug|Any CPU.ActiveCfg = Debug|Any CPU
		{58851E4B-66C3-4378-84F5-99AB99CA8A0D}.Debug|Any CPU.Build.0 = Debug|Any CPU
		{58851E4B-66C3-4378-84F5-99AB99CA8A0D}.Release|Any CPU.ActiveCfg = Release|Any CPU
		{58851E4B-66C3-4378-84F5-99AB99CA8A0D}.Release|Any CPU.Build.0 = Release|Any CPU
		{EB8898EF-A436-43F2-AF2A-5E5E3C84B4FB}.Debug|Any CPU.ActiveCfg = Debug|Any CPU
		{EB8898EF-A436-43F2-AF2A-5E5E3C84B4FB}.Debug|Any CPU.Build.0 = Debug|Any CPU
		{EB8898EF-A436-43F2-AF2A-5E5E3C84B4FB}.Release|Any CPU.ActiveCfg = Release|Any CPU
		{EB8898EF-A436-43F2-AF2A-5E5E3C84B4FB}.Release|Any CPU.Build.0 = Release|Any CPU
		{70F0123B-AB42-4ECA-80CF-75B8FFF93C74}.Debug|Any CPU.ActiveCfg = Debug|Any CPU
		{70F0123B-AB42-4ECA-80CF-75B8FFF93C74}.Debug|Any CPU.Build.0 = Debug|Any CPU
		{70F0123B-AB42-4ECA-80CF-75B8FFF93C74}.Release|Any CPU.ActiveCfg = Release|Any CPU
		{70F0123B-AB42-4ECA-80CF-75B8FFF93C74}.Release|Any CPU.Build.0 = Release|Any CPU
		{345B2DD4-E1F3-4E21-A55C-FD85CBB009D2}.Debug|Any CPU.ActiveCfg = Debug|Any CPU
		{345B2DD4-E1F3-4E21-A55C-FD85CBB009D2}.Debug|Any CPU.Build.0 = Debug|Any CPU
		{345B2DD4-E1F3-4E21-A55C-FD85CBB009D2}.Release|Any CPU.ActiveCfg = Release|Any CPU
		{345B2DD4-E1F3-4E21-A55C-FD85CBB009D2}.Release|Any CPU.Build.0 = Release|Any CPU
		{157FA6DF-5AC6-442F-B261-7D509372CBE8}.Debug|Any CPU.ActiveCfg = Debug|Any CPU
		{157FA6DF-5AC6-442F-B261-7D509372CBE8}.Debug|Any CPU.Build.0 = Debug|Any CPU
		{157FA6DF-5AC6-442F-B261-7D509372CBE8}.Release|Any CPU.ActiveCfg = Release|Any CPU
		{157FA6DF-5AC6-442F-B261-7D509372CBE8}.Release|Any CPU.Build.0 = Release|Any CPU
		{C3F7552C-A934-467C-A064-16C4077E846F}.Debug|Any CPU.ActiveCfg = Debug|Any CPU
		{C3F7552C-A934-467C-A064-16C4077E846F}.Debug|Any CPU.Build.0 = Debug|Any CPU
		{C3F7552C-A934-467C-A064-16C4077E846F}.Release|Any CPU.ActiveCfg = Release|Any CPU
		{C3F7552C-A934-467C-A064-16C4077E846F}.Release|Any CPU.Build.0 = Release|Any CPU
		{0704E571-1C5E-4578-977A-70F2442E2DE9}.Debug|Any CPU.ActiveCfg = Debug|Any CPU
		{0704E571-1C5E-4578-977A-70F2442E2DE9}.Debug|Any CPU.Build.0 = Debug|Any CPU
		{0704E571-1C5E-4578-977A-70F2442E2DE9}.Release|Any CPU.ActiveCfg = Release|Any CPU
		{0704E571-1C5E-4578-977A-70F2442E2DE9}.Release|Any CPU.Build.0 = Release|Any CPU
		{1AF04C97-7446-4E15-9C6E-55B005D76002}.Debug|Any CPU.ActiveCfg = Debug|Any CPU
		{1AF04C97-7446-4E15-9C6E-55B005D76002}.Debug|Any CPU.Build.0 = Debug|Any CPU
		{1AF04C97-7446-4E15-9C6E-55B005D76002}.Release|Any CPU.ActiveCfg = Release|Any CPU
		{1AF04C97-7446-4E15-9C6E-55B005D76002}.Release|Any CPU.Build.0 = Release|Any CPU
		{3D70F5C9-4AA8-4B3F-AB87-E23B8F6B7507}.Debug|Any CPU.ActiveCfg = Debug|Any CPU
		{3D70F5C9-4AA8-4B3F-AB87-E23B8F6B7507}.Debug|Any CPU.Build.0 = Debug|Any CPU
		{3D70F5C9-4AA8-4B3F-AB87-E23B8F6B7507}.Release|Any CPU.ActiveCfg = Release|Any CPU
		{3D70F5C9-4AA8-4B3F-AB87-E23B8F6B7507}.Release|Any CPU.Build.0 = Release|Any CPU
		{14022DF9-B6B2-45FE-8991-07D3B00EC4DA}.Debug|Any CPU.ActiveCfg = Debug|Any CPU
		{14022DF9-B6B2-45FE-8991-07D3B00EC4DA}.Debug|Any CPU.Build.0 = Debug|Any CPU
		{14022DF9-B6B2-45FE-8991-07D3B00EC4DA}.Release|Any CPU.ActiveCfg = Release|Any CPU
		{14022DF9-B6B2-45FE-8991-07D3B00EC4DA}.Release|Any CPU.Build.0 = Release|Any CPU
		{C875B7D7-7FF4-4732-9FE0-A7A35D077F94}.Debug|Any CPU.ActiveCfg = Debug|Any CPU
		{C875B7D7-7FF4-4732-9FE0-A7A35D077F94}.Debug|Any CPU.Build.0 = Debug|Any CPU
		{C875B7D7-7FF4-4732-9FE0-A7A35D077F94}.Release|Any CPU.ActiveCfg = Release|Any CPU
		{C875B7D7-7FF4-4732-9FE0-A7A35D077F94}.Release|Any CPU.Build.0 = Release|Any CPU
	EndGlobalSection
EndGlobal
