
Microsoft Visual Studio Solution File, Format Version 12.00
Project("{FAE04EC0-301F-11D3-BF4B-00C04F79EFBC}") = "Core", "Core\OkTools.Core.csproj", "{37D7962D-E83D-43EC-97CE-A02E9C747FE0}"
EndProject
Project("{FAE04EC0-301F-11D3-BF4B-00C04F79EFBC}") = "Core.Tests", "Core.Tests\OkTools.Core.Tests.csproj", "{B1B77DB9-0635-4432-9327-26800B9D93DE}"
EndProject
Project("{FAE04EC0-301F-11D3-BF4B-00C04F79EFBC}") = "NiceIO", "NiceIO\NiceIO.csproj", "{C2AA4CB4-ED9B-46D3-957E-AA2F242FB5C3}"
EndProject
Project("{FAE04EC0-301F-11D3-BF4B-00C04F79EFBC}") = "NiceIO.Tests", "NiceIO.Tests\NiceIO.Tests.csproj", "{F0E8C359-CF8D-4683-98F1-AA0CAC8B1B89}"
EndProject
Project("{FAE04EC0-301F-11D3-BF4B-00C04F79EFBC}") = "Unity", "Unity\OkTools.Unity.csproj", "{2CBA5357-EA49-4519-83F8-614D8BCF1D52}"
EndProject
Project("{FAE04EC0-301F-11D3-BF4B-00C04F79EFBC}") = "Unity.Cli", "Unity.Cli\Unity.Cli.csproj", "{0BFF675A-0261-48FC-B772-76B9D66505D3}"
EndProject
Project("{FAE04EC0-301F-11D3-BF4B-00C04F79EFBC}") = "Unity.Posh", "Unity.Posh\OkTools.Unity.Posh.csproj", "{14BA16F8-6007-45FF-B3AA-815C05DC011D}"
EndProject
Project("{FAE04EC0-301F-11D3-BF4B-00C04F79EFBC}") = "Unity.Tests", "Unity.Tests\OkTools.Unity.Tests.csproj", "{3A0CC23D-C288-4554-864A-BE412F10E5ED}"
EndProject
Project("{FAE04EC0-301F-11D3-BF4B-00C04F79EFBC}") = "TestUtils", "TestUtils\OkTools.TestUtils.csproj", "{8C6F581D-A79F-4D68-B14C-AA7167D74288}"
EndProject
Project("{2150E333-8FDC-42A3-9474-1A3956D46DE8}") = "Tests", "Tests", "{078A18EE-E782-4E50-98AC-FA4D6877D79A}"
EndProject
Project("{2150E333-8FDC-42A3-9474-1A3956D46DE8}") = "_Root", "_Root", "{DDB8F671-C6AB-4F2B-BCA2-E97AFB015C1A}"
	ProjectSection(SolutionItems) = preProject
		.editorconfig = .editorconfig
		.gitattributes = .gitattributes
		.gitignore = .gitignore
		LICENSE.md = LICENSE.md
		README.md = README.md
	EndProjectSection
EndProject
Project("{2150E333-8FDC-42A3-9474-1A3956D46DE8}") = "_Include", "_Include", "{D2CFF67C-B276-4BB8-90F8-AF89897140DC}"
	ProjectSection(SolutionItems) = preProject
        Defaults.targets = _Include\Defaults.targets
        Defaults.Tests.targets = _Include\Defaults.Tests.targets
        GlobalUsings.Tests.cs = _Include\GlobalUsings.Tests.cs
	EndProjectSection
EndProject
Global
	GlobalSection(SolutionConfigurationPlatforms) = preSolution
		Debug|Any CPU = Debug|Any CPU
		Release|Any CPU = Release|Any CPU
	EndGlobalSection
	GlobalSection(ProjectConfigurationPlatforms) = postSolution
		{37D7962D-E83D-43EC-97CE-A02E9C747FE0}.Debug|Any CPU.ActiveCfg = Debug|Any CPU
		{37D7962D-E83D-43EC-97CE-A02E9C747FE0}.Debug|Any CPU.Build.0 = Debug|Any CPU
		{37D7962D-E83D-43EC-97CE-A02E9C747FE0}.Release|Any CPU.ActiveCfg = Release|Any CPU
		{37D7962D-E83D-43EC-97CE-A02E9C747FE0}.Release|Any CPU.Build.0 = Release|Any CPU
		{B1B77DB9-0635-4432-9327-26800B9D93DE}.Debug|Any CPU.ActiveCfg = Debug|Any CPU
		{B1B77DB9-0635-4432-9327-26800B9D93DE}.Debug|Any CPU.Build.0 = Debug|Any CPU
		{B1B77DB9-0635-4432-9327-26800B9D93DE}.Release|Any CPU.ActiveCfg = Release|Any CPU
		{B1B77DB9-0635-4432-9327-26800B9D93DE}.Release|Any CPU.Build.0 = Release|Any CPU
		{C2AA4CB4-ED9B-46D3-957E-AA2F242FB5C3}.Debug|Any CPU.ActiveCfg = Debug|Any CPU
		{C2AA4CB4-ED9B-46D3-957E-AA2F242FB5C3}.Debug|Any CPU.Build.0 = Debug|Any CPU
		{C2AA4CB4-ED9B-46D3-957E-AA2F242FB5C3}.Release|Any CPU.ActiveCfg = Release|Any CPU
		{C2AA4CB4-ED9B-46D3-957E-AA2F242FB5C3}.Release|Any CPU.Build.0 = Release|Any CPU
		{F0E8C359-CF8D-4683-98F1-AA0CAC8B1B89}.Debug|Any CPU.ActiveCfg = Debug|Any CPU
		{F0E8C359-CF8D-4683-98F1-AA0CAC8B1B89}.Debug|Any CPU.Build.0 = Debug|Any CPU
		{F0E8C359-CF8D-4683-98F1-AA0CAC8B1B89}.Release|Any CPU.ActiveCfg = Release|Any CPU
		{F0E8C359-CF8D-4683-98F1-AA0CAC8B1B89}.Release|Any CPU.Build.0 = Release|Any CPU
		{2CBA5357-EA49-4519-83F8-614D8BCF1D52}.Debug|Any CPU.ActiveCfg = Debug|Any CPU
		{2CBA5357-EA49-4519-83F8-614D8BCF1D52}.Debug|Any CPU.Build.0 = Debug|Any CPU
		{2CBA5357-EA49-4519-83F8-614D8BCF1D52}.Release|Any CPU.ActiveCfg = Release|Any CPU
		{2CBA5357-EA49-4519-83F8-614D8BCF1D52}.Release|Any CPU.Build.0 = Release|Any CPU
		{0BFF675A-0261-48FC-B772-76B9D66505D3}.Debug|Any CPU.ActiveCfg = Debug|Any CPU
		{0BFF675A-0261-48FC-B772-76B9D66505D3}.Debug|Any CPU.Build.0 = Debug|Any CPU
		{0BFF675A-0261-48FC-B772-76B9D66505D3}.Release|Any CPU.ActiveCfg = Release|Any CPU
		{0BFF675A-0261-48FC-B772-76B9D66505D3}.Release|Any CPU.Build.0 = Release|Any CPU
		{14BA16F8-6007-45FF-B3AA-815C05DC011D}.Debug|Any CPU.ActiveCfg = Debug|Any CPU
		{14BA16F8-6007-45FF-B3AA-815C05DC011D}.Debug|Any CPU.Build.0 = Debug|Any CPU
		{14BA16F8-6007-45FF-B3AA-815C05DC011D}.Release|Any CPU.ActiveCfg = Release|Any CPU
		{14BA16F8-6007-45FF-B3AA-815C05DC011D}.Release|Any CPU.Build.0 = Release|Any CPU
		{3A0CC23D-C288-4554-864A-BE412F10E5ED}.Debug|Any CPU.ActiveCfg = Debug|Any CPU
		{3A0CC23D-C288-4554-864A-BE412F10E5ED}.Debug|Any CPU.Build.0 = Debug|Any CPU
		{3A0CC23D-C288-4554-864A-BE412F10E5ED}.Release|Any CPU.ActiveCfg = Release|Any CPU
		{3A0CC23D-C288-4554-864A-BE412F10E5ED}.Release|Any CPU.Build.0 = Release|Any CPU
		{8C6F581D-A79F-4D68-B14C-AA7167D74288}.Debug|Any CPU.ActiveCfg = Debug|Any CPU
		{8C6F581D-A79F-4D68-B14C-AA7167D74288}.Debug|Any CPU.Build.0 = Debug|Any CPU
		{8C6F581D-A79F-4D68-B14C-AA7167D74288}.Release|Any CPU.ActiveCfg = Release|Any CPU
		{8C6F581D-A79F-4D68-B14C-AA7167D74288}.Release|Any CPU.Build.0 = Release|Any CPU
	EndGlobalSection
	GlobalSection(NestedProjects) = preSolution
		{B1B77DB9-0635-4432-9327-26800B9D93DE} = {078A18EE-E782-4E50-98AC-FA4D6877D79A}
		{F0E8C359-CF8D-4683-98F1-AA0CAC8B1B89} = {078A18EE-E782-4E50-98AC-FA4D6877D79A}
		{3A0CC23D-C288-4554-864A-BE412F10E5ED} = {078A18EE-E782-4E50-98AC-FA4D6877D79A}
		{8C6F581D-A79F-4D68-B14C-AA7167D74288} = {078A18EE-E782-4E50-98AC-FA4D6877D79A}
	EndGlobalSection
EndGlobal
