
Microsoft Visual Studio Solution File, Format Version 12.00
Project("{FAE04EC0-301F-11D3-BF4B-00C04F79EFBC}") = "Core", "src\Core\Core.csproj", "{C30F4B4B-DDBB-4D66-A7C0-6C71637CEC39}"
EndProject
Project("{FAE04EC0-301F-11D3-BF4B-00C04F79EFBC}") = "Core-Tests", "src\Core\Core-Tests.csproj", "{C778A428-E82E-4364-970E-5F1655233BF5}"
EndProject
Project("{FAE04EC0-301F-11D3-BF4B-00C04F79EFBC}") = "Stale", "src\Stale\Stale.csproj", "{3FA9D639-9F10-4D03-A980-060314CB2E95}"
EndProject
Project("{FAE04EC0-301F-11D3-BF4B-00C04F79EFBC}") = "Loggo.Cli", "src\Loggo.Cli\Loggo.Cli.csproj", "{32E37DBC-9AB9-4B3F-A60C-E819ECE42934}"
EndProject
Project("{FAE04EC0-301F-11D3-BF4B-00C04F79EFBC}") = "Showkeys.Cli", "src\Showkeys.Cli\Showkeys.Cli.csproj", "{58851E4B-66C3-4378-84F5-99AB99CA8A0D}"
EndProject
Project("{FAE04EC0-301F-11D3-BF4B-00C04F79EFBC}") = "Stale.Cli", "src\Stale.Cli\Stale.Cli.csproj", "{345B2DD4-E1F3-4E21-A55C-FD85CBB009D2}"
EndProject
Project("{FAE04EC0-301F-11D3-BF4B-00C04F79EFBC}") = "Core.PerfTests", "perftests\Core.PerfTests\Core.PerfTests.csproj", "{3D70F5C9-4AA8-4B3F-AB87-E23B8F6B7507}"
EndProject
Global
	GlobalSection(SolutionConfigurationPlatforms) = preSolution
		Debug|Any CPU = Debug|Any CPU
		Release|Any CPU = Release|Any CPU
	EndGlobalSection
	GlobalSection(ProjectConfigurationPlatforms) = postSolution
		{C30F4B4B-DDBB-4D66-A7C0-6C71637CEC39}.Debug|Any CPU.ActiveCfg = Debug|Any CPU
		{C30F4B4B-DDBB-4D66-A7C0-6C71637CEC39}.Debug|Any CPU.Build.0 = Debug|Any CPU
		{C30F4B4B-DDBB-4D66-A7C0-6C71637CEC39}.Release|Any CPU.ActiveCfg = Release|Any CPU
		{C30F4B4B-DDBB-4D66-A7C0-6C71637CEC39}.Release|Any CPU.Build.0 = Release|Any CPU
		{C778A428-E82E-4364-970E-5F1655233BF5}.Debug|Any CPU.ActiveCfg = Debug|Any CPU
		{C778A428-E82E-4364-970E-5F1655233BF5}.Debug|Any CPU.Build.0 = Debug|Any CPU
		{C778A428-E82E-4364-970E-5F1655233BF5}.Release|Any CPU.ActiveCfg = Release|Any CPU
		{C778A428-E82E-4364-970E-5F1655233BF5}.Release|Any CPU.Build.0 = Release|Any CPU
		{3FA9D639-9F10-4D03-A980-060314CB2E95}.Debug|Any CPU.ActiveCfg = Debug|Any CPU
		{3FA9D639-9F10-4D03-A980-060314CB2E95}.Debug|Any CPU.Build.0 = Debug|Any CPU
		{3FA9D639-9F10-4D03-A980-060314CB2E95}.Release|Any CPU.ActiveCfg = Release|Any CPU
		{3FA9D639-9F10-4D03-A980-060314CB2E95}.Release|Any CPU.Build.0 = Release|Any CPU
		{32E37DBC-9AB9-4B3F-A60C-E819ECE42934}.Debug|Any CPU.ActiveCfg = Debug|Any CPU
		{32E37DBC-9AB9-4B3F-A60C-E819ECE42934}.Debug|Any CPU.Build.0 = Debug|Any CPU
		{32E37DBC-9AB9-4B3F-A60C-E819ECE42934}.Release|Any CPU.ActiveCfg = Release|Any CPU
		{32E37DBC-9AB9-4B3F-A60C-E819ECE42934}.Release|Any CPU.Build.0 = Release|Any CPU
		{58851E4B-66C3-4378-84F5-99AB99CA8A0D}.Debug|Any CPU.ActiveCfg = Debug|Any CPU
		{58851E4B-66C3-4378-84F5-99AB99CA8A0D}.Debug|Any CPU.Build.0 = Debug|Any CPU
		{58851E4B-66C3-4378-84F5-99AB99CA8A0D}.Release|Any CPU.ActiveCfg = Release|Any CPU
		{58851E4B-66C3-4378-84F5-99AB99CA8A0D}.Release|Any CPU.Build.0 = Release|Any CPU
		{345B2DD4-E1F3-4E21-A55C-FD85CBB009D2}.Debug|Any CPU.ActiveCfg = Debug|Any CPU
		{345B2DD4-E1F3-4E21-A55C-FD85CBB009D2}.Debug|Any CPU.Build.0 = Debug|Any CPU
		{345B2DD4-E1F3-4E21-A55C-FD85CBB009D2}.Release|Any CPU.ActiveCfg = Release|Any CPU
		{345B2DD4-E1F3-4E21-A55C-FD85CBB009D2}.Release|Any CPU.Build.0 = Release|Any CPU
		{3D70F5C9-4AA8-4B3F-AB87-E23B8F6B7507}.Debug|Any CPU.ActiveCfg = Debug|Any CPU
		{3D70F5C9-4AA8-4B3F-AB87-E23B8F6B7507}.Debug|Any CPU.Build.0 = Debug|Any CPU
		{3D70F5C9-4AA8-4B3F-AB87-E23B8F6B7507}.Release|Any CPU.ActiveCfg = Release|Any CPU
		{3D70F5C9-4AA8-4B3F-AB87-E23B8F6B7507}.Release|Any CPU.Build.0 = Release|Any CPU
	EndGlobalSection
EndGlobal
